
Microsoft Visual Studio Solution File, Format Version 12.00
# Visual Studio Version 16
VisualStudioVersion = 16.0.31515.178
MinimumVisualStudioVersion = 10.0.40219.1
Project("{FAE04EC0-301F-11D3-BF4B-00C04F79EFBC}") = "NICER_Unity_API", "NICER_Unity_API.csproj", "{49B3A3DF-BD06-4D92-AFFD-E7458FA1AB09}"
EndProject
Global
	GlobalSection(SolutionConfigurationPlatforms) = preSolution
		Debug|Any CPU = Debug|Any CPU
		Release|Any CPU = Release|Any CPU
	EndGlobalSection
	GlobalSection(ProjectConfigurationPlatforms) = postSolution
		{49B3A3DF-BD06-4D92-AFFD-E7458FA1AB09}.Debug|Any CPU.ActiveCfg = Debug|Any CPU
		{49B3A3DF-BD06-4D92-AFFD-E7458FA1AB09}.Debug|Any CPU.Build.0 = Debug|Any CPU
		{49B3A3DF-BD06-4D92-AFFD-E7458FA1AB09}.Release|Any CPU.ActiveCfg = Release|Any CPU
		{49B3A3DF-BD06-4D92-AFFD-E7458FA1AB09}.Release|Any CPU.Build.0 = Release|Any CPU
	EndGlobalSection
	GlobalSection(SolutionProperties) = preSolution
		HideSolutionNode = FALSE
	EndGlobalSection
	GlobalSection(ExtensibilityGlobals) = postSolution
		SolutionGuid = {0C2AF08F-6EEB-4CFC-9251-DCF74DDB7CC4}
	EndGlobalSection
EndGlobal
